
Microsoft Visual Studio Solution File, Format Version 12.00
# Visual Studio 15
VisualStudioVersion = 15.0.27428.2015
MinimumVisualStudioVersion = 10.0.40219.1
Project("{FAE04EC0-301F-11D3-BF4B-00C04F79EFBC}") = "ArhitectureConcept.Client", "ArhitectureConcept.Client\ArhitectureConcept.Client.csproj", "{4E2EF779-8908-4347-B23A-439C402BD363}"
EndProject
Project("{FAE04EC0-301F-11D3-BF4B-00C04F79EFBC}") = "ArhitectureConcept.Interfaces", "ArhitectureConcept.Interfaces\ArhitectureConcept.Interfaces.csproj", "{CA2640DB-6FEC-458D-8D51-68F31AD3013C}"
EndProject
Project("{FAE04EC0-301F-11D3-BF4B-00C04F79EFBC}") = "ArhitectureConcept.Models", "ArhitectureConcept.Models\ArhitectureConcept.Models.csproj", "{5316AF5B-5990-436C-972B-A11C3877F0AB}"
EndProject
Project("{FAE04EC0-301F-11D3-BF4B-00C04F79EFBC}") = "ArhitectureConcept.Services", "ArhitectureConcept.Services\ArhitectureConcept.Services.csproj", "{FD72A521-6206-425E-8D65-D9294F43A702}"
EndProject
Project("{FAE04EC0-301F-11D3-BF4B-00C04F79EFBC}") = "ArhitectureConcept.Tests", "ArhitectureConcept.Tests\ArhitectureConcept.Tests.csproj", "{15493359-997A-4A98-BA6D-4F3F2D46B56A}"
EndProject
Global
	GlobalSection(SolutionConfigurationPlatforms) = preSolution
		Debug|Any CPU = Debug|Any CPU
		Release|Any CPU = Release|Any CPU
	EndGlobalSection
	GlobalSection(ProjectConfigurationPlatforms) = postSolution
		{4E2EF779-8908-4347-B23A-439C402BD363}.Debug|Any CPU.ActiveCfg = Debug|Any CPU
		{4E2EF779-8908-4347-B23A-439C402BD363}.Debug|Any CPU.Build.0 = Debug|Any CPU
		{4E2EF779-8908-4347-B23A-439C402BD363}.Release|Any CPU.ActiveCfg = Release|Any CPU
		{4E2EF779-8908-4347-B23A-439C402BD363}.Release|Any CPU.Build.0 = Release|Any CPU
		{CA2640DB-6FEC-458D-8D51-68F31AD3013C}.Debug|Any CPU.ActiveCfg = Debug|Any CPU
		{CA2640DB-6FEC-458D-8D51-68F31AD3013C}.Debug|Any CPU.Build.0 = Debug|Any CPU
		{CA2640DB-6FEC-458D-8D51-68F31AD3013C}.Release|Any CPU.ActiveCfg = Release|Any CPU
		{CA2640DB-6FEC-458D-8D51-68F31AD3013C}.Release|Any CPU.Build.0 = Release|Any CPU
		{5316AF5B-5990-436C-972B-A11C3877F0AB}.Debug|Any CPU.ActiveCfg = Debug|Any CPU
		{5316AF5B-5990-436C-972B-A11C3877F0AB}.Debug|Any CPU.Build.0 = Debug|Any CPU
		{5316AF5B-5990-436C-972B-A11C3877F0AB}.Release|Any CPU.ActiveCfg = Release|Any CPU
		{5316AF5B-5990-436C-972B-A11C3877F0AB}.Release|Any CPU.Build.0 = Release|Any CPU
		{FD72A521-6206-425E-8D65-D9294F43A702}.Debug|Any CPU.ActiveCfg = Debug|Any CPU
		{FD72A521-6206-425E-8D65-D9294F43A702}.Debug|Any CPU.Build.0 = Debug|Any CPU
		{FD72A521-6206-425E-8D65-D9294F43A702}.Release|Any CPU.ActiveCfg = Release|Any CPU
		{FD72A521-6206-425E-8D65-D9294F43A702}.Release|Any CPU.Build.0 = Release|Any CPU
		{15493359-997A-4A98-BA6D-4F3F2D46B56A}.Debug|Any CPU.ActiveCfg = Debug|Any CPU
		{15493359-997A-4A98-BA6D-4F3F2D46B56A}.Debug|Any CPU.Build.0 = Debug|Any CPU
		{15493359-997A-4A98-BA6D-4F3F2D46B56A}.Release|Any CPU.ActiveCfg = Release|Any CPU
		{15493359-997A-4A98-BA6D-4F3F2D46B56A}.Release|Any CPU.Build.0 = Release|Any CPU
	EndGlobalSection
	GlobalSection(SolutionProperties) = preSolution
		HideSolutionNode = FALSE
	EndGlobalSection
	GlobalSection(ExtensibilityGlobals) = postSolution
		SolutionGuid = {F783451C-C209-4854-B683-81BE5958C2A3}
	EndGlobalSection
EndGlobal
